
Microsoft Visual Studio Solution File, Format Version 12.00
# Visual Studio Version 17
VisualStudioVersion = 17.14.36127.28
MinimumVisualStudioVersion = 10.0.40219.1
Project("{FAE04EC0-301F-11D3-BF4B-00C04F79EFBC}") = "FlowerShop.Web", "FlowerShop.Web.csproj", "{087EAA2E-2255-4665-92B0-72A1B47BDFB4}"
EndProject
Project("{FAE04EC0-301F-11D3-BF4B-00C04F79EFBC}") = "FlowerShop.Data", "..\FlowerShop.Data\FlowerShop.Data.csproj", "{7F024275-F57C-4E5C-A238-2B1B06066D81}"
EndProject
Project("{FAE04EC0-301F-11D3-BF4B-00C04F79EFBC}") = "FlowerShop.Dto", "..\FlowerShop.Dto\FlowerShop.Dto.csproj", "{0189DBCB-17CA-D6EF-9545-203C8E9579D5}"
EndProject
Project("{FAE04EC0-301F-11D3-BF4B-00C04F79EFBC}") = "FlowerShop.WpfClient", "..\FloraConnect\FlowerShop.WpfClient.csproj", "{B54C0641-CE14-70E5-5036-1594E6695859}"
EndProject
Global
	GlobalSection(SolutionConfigurationPlatforms) = preSolution
		Debug|Any CPU = Debug|Any CPU
		Release|Any CPU = Release|Any CPU
	EndGlobalSection
	GlobalSection(ProjectConfigurationPlatforms) = postSolution
		{087EAA2E-2255-4665-92B0-72A1B47BDFB4}.Debug|Any CPU.ActiveCfg = Debug|Any CPU
		{087EAA2E-2255-4665-92B0-72A1B47BDFB4}.Debug|Any CPU.Build.0 = Debug|Any CPU
		{087EAA2E-2255-4665-92B0-72A1B47BDFB4}.Release|Any CPU.ActiveCfg = Release|Any CPU
		{087EAA2E-2255-4665-92B0-72A1B47BDFB4}.Release|Any CPU.Build.0 = Release|Any CPU
		{7F024275-F57C-4E5C-A238-2B1B06066D81}.Debug|Any CPU.ActiveCfg = Debug|Any CPU
		{7F024275-F57C-4E5C-A238-2B1B06066D81}.Debug|Any CPU.Build.0 = Debug|Any CPU
		{7F024275-F57C-4E5C-A238-2B1B06066D81}.Release|Any CPU.ActiveCfg = Release|Any CPU
		{7F024275-F57C-4E5C-A238-2B1B06066D81}.Release|Any CPU.Build.0 = Release|Any CPU
		{0189DBCB-17CA-D6EF-9545-203C8E9579D5}.Debug|Any CPU.ActiveCfg = Debug|Any CPU
		{0189DBCB-17CA-D6EF-9545-203C8E9579D5}.Debug|Any CPU.Build.0 = Debug|Any CPU
		{0189DBCB-17CA-D6EF-9545-203C8E9579D5}.Release|Any CPU.ActiveCfg = Release|Any CPU
		{0189DBCB-17CA-D6EF-9545-203C8E9579D5}.Release|Any CPU.Build.0 = Release|Any CPU
		{B54C0641-CE14-70E5-5036-1594E6695859}.Debug|Any CPU.ActiveCfg = Debug|Any CPU
		{B54C0641-CE14-70E5-5036-1594E6695859}.Debug|Any CPU.Build.0 = Debug|Any CPU
		{B54C0641-CE14-70E5-5036-1594E6695859}.Release|Any CPU.ActiveCfg = Release|Any CPU
		{B54C0641-CE14-70E5-5036-1594E6695859}.Release|Any CPU.Build.0 = Release|Any CPU
	EndGlobalSection
	GlobalSection(SolutionProperties) = preSolution
		HideSolutionNode = FALSE
	EndGlobalSection
	GlobalSection(ExtensibilityGlobals) = postSolution
		SolutionGuid = {3CC83AD8-6617-4C56-B4D9-1EB546581C81}
	EndGlobalSection
EndGlobal
